// !$*UTF8*$!
{
	archiveVersion = 1;
	classes = {
	};
	objectVersion = 46;
	objects = {

/* Begin PBXBuildFile section */
		D0EB218B19DB70B400276554 /* AppDelegate.swift in Sources */ = {isa = PBXBuildFile; fileRef = D0EB218A19DB70B400276554 /* AppDelegate.swift */; };
		D0EB218D19DB70B400276554 /* ViewController.swift in Sources */ = {isa = PBXBuildFile; fileRef = D0EB218C19DB70B400276554 /* ViewController.swift */; };
		D0EB219019DB70B400276554 /* Main.storyboard in Resources */ = {isa = PBXBuildFile; fileRef = D0EB218E19DB70B400276554 /* Main.storyboard */; };
		D0EB219219DB70B400276554 /* Images.xcassets in Resources */ = {isa = PBXBuildFile; fileRef = D0EB219119DB70B400276554 /* Images.xcassets */; };
		D0EB219519DB70B400276554 /* LaunchScreen.xib in Resources */ = {isa = PBXBuildFile; fileRef = D0EB219319DB70B400276554 /* LaunchScreen.xib */; };
		D0EB21A119DB70B400276554 /* WordPlayTests.swift in Sources */ = {isa = PBXBuildFile; fileRef = D0EB21A019DB70B400276554 /* WordPlayTests.swift */; };
		D0EB21AB19DB723E00276554 /* EnterNameViewController.swift in Sources */ = {isa = PBXBuildFile; fileRef = D0EB21AA19DB723E00276554 /* EnterNameViewController.swift */; };
		D0EB21AD19DB724F00276554 /* EnterAdjectiveViewController.swift in Sources */ = {isa = PBXBuildFile; fileRef = D0EB21AC19DB724F00276554 /* EnterAdjectiveViewController.swift */; };
		D0EB21AF19DB726400276554 /* ResultsViewController.swift in Sources */ = {isa = PBXBuildFile; fileRef = D0EB21AE19DB726400276554 /* ResultsViewController.swift */; };
		D0EB21B119DB800D00276554 /* SecondWordViewController.swift in Sources */ = {isa = PBXBuildFile; fileRef = D0EB21B019DB800D00276554 /* SecondWordViewController.swift */; };
		D0EB21B319DB801800276554 /* ThirdWordViewController.swift in Sources */ = {isa = PBXBuildFile; fileRef = D0EB21B219DB801800276554 /* ThirdWordViewController.swift */; };
/* End PBXBuildFile section */

/* Begin PBXContainerItemProxy section */
		D0EB219B19DB70B400276554 /* PBXContainerItemProxy */ = {
			isa = PBXContainerItemProxy;
			containerPortal = D0EB217D19DB70B400276554 /* Project object */;
			proxyType = 1;
			remoteGlobalIDString = D0EB218419DB70B400276554;
			remoteInfo = WordPlay;
		};
/* End PBXContainerItemProxy section */

/* Begin PBXFileReference section */
		D0EB218519DB70B400276554 /* WordPlay.app */ = {isa = PBXFileReference; explicitFileType = wrapper.application; includeInIndex = 0; path = WordPlay.app; sourceTree = BUILT_PRODUCTS_DIR; };
		D0EB218919DB70B400276554 /* Info.plist */ = {isa = PBXFileReference; lastKnownFileType = text.plist.xml; path = Info.plist; sourceTree = "<group>"; };
		D0EB218A19DB70B400276554 /* AppDelegate.swift */ = {isa = PBXFileReference; lastKnownFileType = sourcecode.swift; path = AppDelegate.swift; sourceTree = "<group>"; };
		D0EB218C19DB70B400276554 /* ViewController.swift */ = {isa = PBXFileReference; lastKnownFileType = sourcecode.swift; path = ViewController.swift; sourceTree = "<group>"; };
		D0EB218F19DB70B400276554 /* Base */ = {isa = PBXFileReference; lastKnownFileType = file.storyboard; name = Base; path = Base.lproj/Main.storyboard; sourceTree = "<group>"; };
		D0EB219119DB70B400276554 /* Images.xcassets */ = {isa = PBXFileReference; lastKnownFileType = folder.assetcatalog; path = Images.xcassets; sourceTree = "<group>"; };
		D0EB219419DB70B400276554 /* Base */ = {isa = PBXFileReference; lastKnownFileType = file.xib; name = Base; path = Base.lproj/LaunchScreen.xib; sourceTree = "<group>"; };
		D0EB219A19DB70B400276554 /* WordPlayTests.xctest */ = {isa = PBXFileReference; explicitFileType = wrapper.cfbundle; includeInIndex = 0; path = WordPlayTests.xctest; sourceTree = BUILT_PRODUCTS_DIR; };
		D0EB219F19DB70B400276554 /* Info.plist */ = {isa = PBXFileReference; lastKnownFileType = text.plist.xml; path = Info.plist; sourceTree = "<group>"; };
		D0EB21A019DB70B400276554 /* WordPlayTests.swift */ = {isa = PBXFileReference; lastKnownFileType = sourcecode.swift; path = WordPlayTests.swift; sourceTree = "<group>"; };
		D0EB21AA19DB723E00276554 /* EnterNameViewController.swift */ = {isa = PBXFileReference; fileEncoding = 4; lastKnownFileType = sourcecode.swift; path = EnterNameViewController.swift; sourceTree = "<group>"; };
		D0EB21AC19DB724F00276554 /* EnterAdjectiveViewController.swift */ = {isa = PBXFileReference; fileEncoding = 4; lastKnownFileType = sourcecode.swift; path = EnterAdjectiveViewController.swift; sourceTree = "<group>"; };
		D0EB21AE19DB726400276554 /* ResultsViewController.swift */ = {isa = PBXFileReference; fileEncoding = 4; lastKnownFileType = sourcecode.swift; path = ResultsViewController.swift; sourceTree = "<group>"; };
		D0EB21B019DB800D00276554 /* SecondWordViewController.swift */ = {isa = PBXFileReference; fileEncoding = 4; lastKnownFileType = sourcecode.swift; path = SecondWordViewController.swift; sourceTree = "<group>"; };
		D0EB21B219DB801800276554 /* ThirdWordViewController.swift */ = {isa = PBXFileReference; fileEncoding = 4; lastKnownFileType = sourcecode.swift; path = ThirdWordViewController.swift; sourceTree = "<group>"; };
/* End PBXFileReference section */

/* Begin PBXFrameworksBuildPhase section */
		D0EB218219DB70B400276554 /* Frameworks */ = {
			isa = PBXFrameworksBuildPhase;
			buildActionMask = 2147483647;
			files = (
			);
			runOnlyForDeploymentPostprocessing = 0;
		};
		D0EB219719DB70B400276554 /* Frameworks */ = {
			isa = PBXFrameworksBuildPhase;
			buildActionMask = 2147483647;
			files = (
			);
			runOnlyForDeploymentPostprocessing = 0;
		};
/* End PBXFrameworksBuildPhase section */

/* Begin PBXGroup section */
		D0EB217C19DB70B400276554 = {
			isa = PBXGroup;
			children = (
				D0EB218719DB70B400276554 /* WordPlay */,
				D0EB219D19DB70B400276554 /* WordPlayTests */,
				D0EB218619DB70B400276554 /* Products */,
			);
			sourceTree = "<group>";
		};
		D0EB218619DB70B400276554 /* Products */ = {
			isa = PBXGroup;
			children = (
				D0EB218519DB70B400276554 /* WordPlay.app */,
				D0EB219A19DB70B400276554 /* WordPlayTests.xctest */,
			);
			name = Products;
			sourceTree = "<group>";
		};
		D0EB218719DB70B400276554 /* WordPlay */ = {
			isa = PBXGroup;
			children = (
				D0EB218A19DB70B400276554 /* AppDelegate.swift */,
				D0EB218C19DB70B400276554 /* ViewController.swift */,
				D0EB218E19DB70B400276554 /* Main.storyboard */,
				D0EB21B019DB800D00276554 /* SecondWordViewController.swift */,
				D0EB21B219DB801800276554 /* ThirdWordViewController.swift */,
				D0EB21AA19DB723E00276554 /* EnterNameViewController.swift */,
				D0EB21AC19DB724F00276554 /* EnterAdjectiveViewController.swift */,
				D0EB21AE19DB726400276554 /* ResultsViewController.swift */,
				D0EB219119DB70B400276554 /* Images.xcassets */,
				D0EB219319DB70B400276554 /* LaunchScreen.xib */,
				D0EB218819DB70B400276554 /* Supporting Files */,
			);
			path = WordPlay;
			sourceTree = "<group>";
		};
		D0EB218819DB70B400276554 /* Supporting Files */ = {
			isa = PBXGroup;
			children = (
				D0EB218919DB70B400276554 /* Info.plist */,
			);
			name = "Supporting Files";
			sourceTree = "<group>";
		};
		D0EB219D19DB70B400276554 /* WordPlayTests */ = {
			isa = PBXGroup;
			children = (
				D0EB21A019DB70B400276554 /* WordPlayTests.swift */,
				D0EB219E19DB70B400276554 /* Supporting Files */,
			);
			path = WordPlayTests;
			sourceTree = "<group>";
		};
		D0EB219E19DB70B400276554 /* Supporting Files */ = {
			isa = PBXGroup;
			children = (
				D0EB219F19DB70B400276554 /* Info.plist */,
			);
			name = "Supporting Files";
			sourceTree = "<group>";
		};
/* End PBXGroup section */

/* Begin PBXNativeTarget section */
		D0EB218419DB70B400276554 /* WordPlay */ = {
			isa = PBXNativeTarget;
			buildConfigurationList = D0EB21A419DB70B400276554 /* Build configuration list for PBXNativeTarget "WordPlay" */;
			buildPhases = (
				D0EB218119DB70B400276554 /* Sources */,
				D0EB218219DB70B400276554 /* Frameworks */,
				D0EB218319DB70B400276554 /* Resources */,
			);
			buildRules = (
			);
			dependencies = (
			);
			name = WordPlay;
			productName = WordPlay;
			productReference = D0EB218519DB70B400276554 /* WordPlay.app */;
			productType = "com.apple.product-type.application";
		};
		D0EB219919DB70B400276554 /* WordPlayTests */ = {
			isa = PBXNativeTarget;
			buildConfigurationList = D0EB21A719DB70B400276554 /* Build configuration list for PBXNativeTarget "WordPlayTests" */;
			buildPhases = (
				D0EB219619DB70B400276554 /* Sources */,
				D0EB219719DB70B400276554 /* Frameworks */,
				D0EB219819DB70B400276554 /* Resources */,
			);
			buildRules = (
			);
			dependencies = (
				D0EB219C19DB70B400276554 /* PBXTargetDependency */,
			);
			name = WordPlayTests;
			productName = WordPlayTests;
			productReference = D0EB219A19DB70B400276554 /* WordPlayTests.xctest */;
			productType = "com.apple.product-type.bundle.unit-test";
		};
/* End PBXNativeTarget section */

/* Begin PBXProject section */
		D0EB217D19DB70B400276554 /* Project object */ = {
			isa = PBXProject;
			attributes = {
				LastUpgradeCheck = 0600;
				ORGANIZATIONNAME = "Peter Hitchcock";
				TargetAttributes = {
					D0EB218419DB70B400276554 = {
						CreatedOnToolsVersion = 6.0.1;
					};
					D0EB219919DB70B400276554 = {
						CreatedOnToolsVersion = 6.0.1;
						TestTargetID = D0EB218419DB70B400276554;
					};
				};
			};
			buildConfigurationList = D0EB218019DB70B400276554 /* Build configuration list for PBXProject "WordPlay" */;
			compatibilityVersion = "Xcode 3.2";
			developmentRegion = English;
			hasScannedForEncodings = 0;
			knownRegions = (
				en,
				Base,
			);
			mainGroup = D0EB217C19DB70B400276554;
			productRefGroup = D0EB218619DB70B400276554 /* Products */;
			projectDirPath = "";
			projectRoot = "";
			targets = (
				D0EB218419DB70B400276554 /* WordPlay */,
				D0EB219919DB70B400276554 /* WordPlayTests */,
			);
		};
/* End PBXProject section */

/* Begin PBXResourcesBuildPhase section */
		D0EB218319DB70B400276554 /* Resources */ = {
			isa = PBXResourcesBuildPhase;
			buildActionMask = 2147483647;
			files = (
				D0EB219019DB70B400276554 /* Main.storyboard in Resources */,
				D0EB219519DB70B400276554 /* LaunchScreen.xib in Resources */,
				D0EB219219DB70B400276554 /* Images.xcassets in Resources */,
			);
			runOnlyForDeploymentPostprocessing = 0;
		};
		D0EB219819DB70B400276554 /* Resources */ = {
			isa = PBXResourcesBuildPhase;
			buildActionMask = 2147483647;
			files = (
			);
			runOnlyForDeploymentPostprocessing = 0;
		};
/* End PBXResourcesBuildPhase section */

/* Begin PBXSourcesBuildPhase section */
		D0EB218119DB70B400276554 /* Sources */ = {
			isa = PBXSourcesBuildPhase;
			buildActionMask = 2147483647;
			files = (
				D0EB21B119DB800D00276554 /* SecondWordViewController.swift in Sources */,
				D0EB21B319DB801800276554 /* ThirdWordViewController.swift in Sources */,
				D0EB21AB19DB723E00276554 /* EnterNameViewController.swift in Sources */,
				D0EB21AD19DB724F00276554 /* EnterAdjectiveViewController.swift in Sources */,
				D0EB218D19DB70B400276554 /* ViewController.swift in Sources */,
				D0EB21AF19DB726400276554 /* ResultsViewController.swift in Sources */,
				D0EB218B19DB70B400276554 /* AppDelegate.swift in Sources */,
			);
			runOnlyForDeploymentPostprocessing = 0;
		};
		D0EB219619DB70B400276554 /* Sources */ = {
			isa = PBXSourcesBuildPhase;
			buildActionMask = 2147483647;
			files = (
				D0EB21A119DB70B400276554 /* WordPlayTests.swift in Sources */,
			);
			runOnlyForDeploymentPostprocessing = 0;
		};
/* End PBXSourcesBuildPhase section */

/* Begin PBXTargetDependency section */
		D0EB219C19DB70B400276554 /* PBXTargetDependency */ = {
			isa = PBXTargetDependency;
			target = D0EB218419DB70B400276554 /* WordPlay */;
			targetProxy = D0EB219B19DB70B400276554 /* PBXContainerItemProxy */;
		};
/* End PBXTargetDependency section */

/* Begin PBXVariantGroup section */
		D0EB218E19DB70B400276554 /* Main.storyboard */ = {
			isa = PBXVariantGroup;
			children = (
				D0EB218F19DB70B400276554 /* Base */,
			);
			name = Main.storyboard;
			sourceTree = "<group>";
		};
		D0EB219319DB70B400276554 /* LaunchScreen.xib */ = {
			isa = PBXVariantGroup;
			children = (
				D0EB219419DB70B400276554 /* Base */,
			);
			name = LaunchScreen.xib;
			sourceTree = "<group>";
		};
/* End PBXVariantGroup section */

/* Begin XCBuildConfiguration section */
		D0EB21A219DB70B400276554 /* Debug */ = {
			isa = XCBuildConfiguration;
			buildSettings = {
				ALWAYS_SEARCH_USER_PATHS = NO;
				CLANG_CXX_LANGUAGE_STANDARD = "gnu++0x";
				CLANG_CXX_LIBRARY = "libc++";
				CLANG_ENABLE_MODULES = YES;
				CLANG_ENABLE_OBJC_ARC = YES;
				CLANG_WARN_BOOL_CONVERSION = YES;
				CLANG_WARN_CONSTANT_CONVERSION = YES;
				CLANG_WARN_DIRECT_OBJC_ISA_USAGE = YES_ERROR;
				CLANG_WARN_EMPTY_BODY = YES;
				CLANG_WARN_ENUM_CONVERSION = YES;
				CLANG_WARN_INT_CONVERSION = YES;
				CLANG_WARN_OBJC_ROOT_CLASS = YES_ERROR;
				CLANG_WARN_UNREACHABLE_CODE = YES;
				CLANG_WARN__DUPLICATE_METHOD_MATCH = YES;
				"CODE_SIGN_IDENTITY[sdk=iphoneos*]" = "iPhone Developer";
				COPY_PHASE_STRIP = NO;
				ENABLE_STRICT_OBJC_MSGSEND = YES;
				GCC_C_LANGUAGE_STANDARD = gnu99;
				GCC_DYNAMIC_NO_PIC = NO;
				GCC_OPTIMIZATION_LEVEL = 0;
				GCC_PREPROCESSOR_DEFINITIONS = (
					"DEBUG=1",
					"$(inherited)",
				);
				GCC_SYMBOLS_PRIVATE_EXTERN = NO;
				GCC_WARN_64_TO_32_BIT_CONVERSION = YES;
				GCC_WARN_ABOUT_RETURN_TYPE = YES_ERROR;
				GCC_WARN_UNDECLARED_SELECTOR = YES;
				GCC_WARN_UNINITIALIZED_AUTOS = YES_AGGRESSIVE;
				GCC_WARN_UNUSED_FUNCTION = YES;
				GCC_WARN_UNUSED_VARIABLE = YES;
				IPHONEOS_DEPLOYMENT_TARGET = 8.0;
				MTL_ENABLE_DEBUG_INFO = YES;
				ONLY_ACTIVE_ARCH = YES;
				SDKROOT = iphoneos;
				SWIFT_OPTIMIZATION_LEVEL = "-Onone";
			};
			name = Debug;
		};
		D0EB21A319DB70B400276554 /* Release */ = {
			isa = XCBuildConfiguration;
			buildSettings = {
				ALWAYS_SEARCH_USER_PATHS = NO;
				CLANG_CXX_LANGUAGE_STANDARD = "gnu++0x";
				CLANG_CXX_LIBRARY = "libc++";
				CLANG_ENABLE_MODULES = YES;
				CLANG_ENABLE_OBJC_ARC = YES;
				CLANG_WARN_BOOL_CONVERSION = YES;
				CLANG_WARN_CONSTANT_CONVERSION = YES;
				CLANG_WARN_DIRECT_OBJC_ISA_USAGE = YES_ERROR;
				CLANG_WARN_EMPTY_BODY = YES;
				CLANG_WARN_ENUM_CONVERSION = YES;
				CLANG_WARN_INT_CONVERSION = YES;
				CLANG_WARN_OBJC_ROOT_CLASS = YES_ERROR;
				CLANG_WARN_UNREACHABLE_CODE = YES;
				CLANG_WARN__DUPLICATE_METHOD_MATCH = YES;
				"CODE_SIGN_IDENTITY[sdk=iphoneos*]" = "iPhone Developer";
				COPY_PHASE_STRIP = YES;
				ENABLE_NS_ASSERTIONS = NO;
				ENABLE_STRICT_OBJC_MSGSEND = YES;
				GCC_C_LANGUAGE_STANDARD = gnu99;
				GCC_WARN_64_TO_32_BIT_CONVERSION = YES;
				GCC_WARN_ABOUT_RETURN_TYPE = YES_ERROR;
				GCC_WARN_UNDECLARED_SELECTOR = YES;
				GCC_WARN_UNINITIALIZED_AUTOS = YES_AGGRESSIVE;
				GCC_WARN_UNUSED_FUNCTION = YES;
				GCC_WARN_UNUSED_VARIABLE = YES;
				IPHONEOS_DEPLOYMENT_TARGET = 8.0;
				MTL_ENABLE_DEBUG_INFO = NO;
				SDKROOT = iphoneos;
				VALIDATE_PRODUCT = YES;
			};
			name = Release;
		};
		D0EB21A519DB70B400276554 /* Debug */ = {
			isa = XCBuildConfiguration;
			buildSettings = {
				ASSETCATALOG_COMPILER_APPICON_NAME = AppIcon;
				INFOPLIST_FILE = WordPlay/Info.plist;
				LD_RUNPATH_SEARCH_PATHS = "$(inherited) @executable_path/Frameworks";
				PRODUCT_NAME = "$(TARGET_NAME)";
			};
			name = Debug;
		};
		D0EB21A619DB70B400276554 /* Release */ = {
			isa = XCBuildConfiguration;
			buildSettings = {
				ASSETCATALOG_COMPILER_APPICON_NAME = AppIcon;
				INFOPLIST_FILE = WordPlay/Info.plist;
				LD_RUNPATH_SEARCH_PATHS = "$(inherited) @executable_path/Frameworks";
				PRODUCT_NAME = "$(TARGET_NAME)";
			};
			name = Release;
		};
		D0EB21A819DB70B400276554 /* Debug */ = {
			isa = XCBuildConfiguration;
			buildSettings = {
				BUNDLE_LOADER = "$(TEST_HOST)";
				FRAMEWORK_SEARCH_PATHS = (
					"$(SDKROOT)/Developer/Library/Frameworks",
					"$(inherited)",
				);
				GCC_PREPROCESSOR_DEFINITIONS = (
					"DEBUG=1",
					"$(inherited)",
				);
				INFOPLIST_FILE = WordPlayTests/Info.plist;
				LD_RUNPATH_SEARCH_PATHS = "$(inherited) @executable_path/Frameworks @loader_path/Frameworks";
				PRODUCT_NAME = "$(TARGET_NAME)";
				TEST_HOST = "$(BUILT_PRODUCTS_DIR)/WordPlay.app/WordPlay";
			};
			name = Debug;
		};
		D0EB21A919DB70B400276554 /* Release */ = {
			isa = XCBuildConfiguration;
			buildSettings = {
				BUNDLE_LOADER = "$(TEST_HOST)";
				FRAMEWORK_SEARCH_PATHS = (
					"$(SDKROOT)/Developer/Library/Frameworks",
					"$(inherited)",
				);
				INFOPLIST_FILE = WordPlayTests/Info.plist;
				LD_RUNPATH_SEARCH_PATHS = "$(inherited) @executable_path/Frameworks @loader_path/Frameworks";
				PRODUCT_NAME = "$(TARGET_NAME)";
				TEST_HOST = "$(BUILT_PRODUCTS_DIR)/WordPlay.app/WordPlay";
			};
			name = Release;
		};
/* End XCBuildConfiguration section */

/* Begin XCConfigurationList section */
		D0EB218019DB70B400276554 /* Build configuration list for PBXProject "WordPlay" */ = {
			isa = XCConfigurationList;
			buildConfigurations = (
				D0EB21A219DB70B400276554 /* Debug */,
				D0EB21A319DB70B400276554 /* Release */,
			);
			defaultConfigurationIsVisible = 0;
			defaultConfigurationName = Release;
		};
		D0EB21A419DB70B400276554 /* Build configuration list for PBXNativeTarget "WordPlay" */ = {
			isa = XCConfigurationList;
			buildConfigurations = (
				D0EB21A519DB70B400276554 /* Debug */,
				D0EB21A619DB70B400276554 /* Release */,
			);
			defaultConfigurationIsVisible = 0;
		};
		D0EB21A719DB70B400276554 /* Build configuration list for PBXNativeTarget "WordPlayTests" */ = {
			isa = XCConfigurationList;
			buildConfigurations = (
				D0EB21A819DB70B400276554 /* Debug */,
				D0EB21A919DB70B400276554 /* Release */,
			);
			defaultConfigurationIsVisible = 0;
		};
/* End XCConfigurationList section */
	};
	rootObject = D0EB217D19DB70B400276554 /* Project object */;
}
