// !$*UTF8*$!
{
	archiveVersion = 1;
	classes = {
	};
	objectVersion = 46;
	objects = {

/* Begin PBXBuildFile section */
		D093E5CC19DB24BB008BBFCE /* AppDelegate.swift in Sources */ = {isa = PBXBuildFile; fileRef = D093E5CB19DB24BB008BBFCE /* AppDelegate.swift */; };
		D093E5CE19DB24BB008BBFCE /* ViewController.swift in Sources */ = {isa = PBXBuildFile; fileRef = D093E5CD19DB24BB008BBFCE /* ViewController.swift */; };
		D093E5D119DB24BB008BBFCE /* Main.storyboard in Resources */ = {isa = PBXBuildFile; fileRef = D093E5CF19DB24BB008BBFCE /* Main.storyboard */; };
		D093E5D319DB24BB008BBFCE /* Images.xcassets in Resources */ = {isa = PBXBuildFile; fileRef = D093E5D219DB24BB008BBFCE /* Images.xcassets */; };
		D093E5D619DB24BB008BBFCE /* LaunchScreen.xib in Resources */ = {isa = PBXBuildFile; fileRef = D093E5D419DB24BB008BBFCE /* LaunchScreen.xib */; };
		D093E5E219DB24BC008BBFCE /* WordPlayTests.swift in Sources */ = {isa = PBXBuildFile; fileRef = D093E5E119DB24BC008BBFCE /* WordPlayTests.swift */; };
		D093E5EC19DB24D4008BBFCE /* CheckMate.framework in Frameworks */ = {isa = PBXBuildFile; fileRef = D093E5EB19DB24D4008BBFCE /* CheckMate.framework */; };
/* End PBXBuildFile section */

/* Begin PBXContainerItemProxy section */
		D093E5DC19DB24BC008BBFCE /* PBXContainerItemProxy */ = {
			isa = PBXContainerItemProxy;
			containerPortal = D093E5BE19DB24BB008BBFCE /* Project object */;
			proxyType = 1;
			remoteGlobalIDString = D093E5C519DB24BB008BBFCE;
			remoteInfo = WordPlay;
		};
/* End PBXContainerItemProxy section */

/* Begin PBXFileReference section */
		D093E5C619DB24BB008BBFCE /* WordPlay.app */ = {isa = PBXFileReference; explicitFileType = wrapper.application; includeInIndex = 0; path = WordPlay.app; sourceTree = BUILT_PRODUCTS_DIR; };
		D093E5CA19DB24BB008BBFCE /* Info.plist */ = {isa = PBXFileReference; lastKnownFileType = text.plist.xml; path = Info.plist; sourceTree = "<group>"; };
		D093E5CB19DB24BB008BBFCE /* AppDelegate.swift */ = {isa = PBXFileReference; lastKnownFileType = sourcecode.swift; path = AppDelegate.swift; sourceTree = "<group>"; };
		D093E5CD19DB24BB008BBFCE /* ViewController.swift */ = {isa = PBXFileReference; lastKnownFileType = sourcecode.swift; path = ViewController.swift; sourceTree = "<group>"; };
		D093E5D019DB24BB008BBFCE /* Base */ = {isa = PBXFileReference; lastKnownFileType = file.storyboard; name = Base; path = Base.lproj/Main.storyboard; sourceTree = "<group>"; };
		D093E5D219DB24BB008BBFCE /* Images.xcassets */ = {isa = PBXFileReference; lastKnownFileType = folder.assetcatalog; path = Images.xcassets; sourceTree = "<group>"; };
		D093E5D519DB24BB008BBFCE /* Base */ = {isa = PBXFileReference; lastKnownFileType = file.xib; name = Base; path = Base.lproj/LaunchScreen.xib; sourceTree = "<group>"; };
		D093E5DB19DB24BC008BBFCE /* WordPlayTests.xctest */ = {isa = PBXFileReference; explicitFileType = wrapper.cfbundle; includeInIndex = 0; path = WordPlayTests.xctest; sourceTree = BUILT_PRODUCTS_DIR; };
		D093E5E019DB24BC008BBFCE /* Info.plist */ = {isa = PBXFileReference; lastKnownFileType = text.plist.xml; path = Info.plist; sourceTree = "<group>"; };
		D093E5E119DB24BC008BBFCE /* WordPlayTests.swift */ = {isa = PBXFileReference; lastKnownFileType = sourcecode.swift; path = WordPlayTests.swift; sourceTree = "<group>"; };
		D093E5EB19DB24D4008BBFCE /* CheckMate.framework */ = {isa = PBXFileReference; lastKnownFileType = wrapper.framework; path = CheckMate.framework; sourceTree = "<group>"; };
		D093E5ED19DB24F0008BBFCE /* WordPlay-Bridging-Header.h */ = {isa = PBXFileReference; lastKnownFileType = sourcecode.c.h; path = "WordPlay-Bridging-Header.h"; sourceTree = "<group>"; };
/* End PBXFileReference section */

/* Begin PBXFrameworksBuildPhase section */
		D093E5C319DB24BB008BBFCE /* Frameworks */ = {
			isa = PBXFrameworksBuildPhase;
			buildActionMask = 2147483647;
			files = (
				D093E5EC19DB24D4008BBFCE /* CheckMate.framework in Frameworks */,
			);
			runOnlyForDeploymentPostprocessing = 0;
		};
		D093E5D819DB24BC008BBFCE /* Frameworks */ = {
			isa = PBXFrameworksBuildPhase;
			buildActionMask = 2147483647;
			files = (
			);
			runOnlyForDeploymentPostprocessing = 0;
		};
/* End PBXFrameworksBuildPhase section */

/* Begin PBXGroup section */
		D093E5BD19DB24BB008BBFCE = {
			isa = PBXGroup;
			children = (
				D093E5C819DB24BB008BBFCE /* WordPlay */,
				D093E5DE19DB24BC008BBFCE /* WordPlayTests */,
				D093E5C719DB24BB008BBFCE /* Products */,
				D093E5ED19DB24F0008BBFCE /* WordPlay-Bridging-Header.h */,
			);
			sourceTree = "<group>";
		};
		D093E5C719DB24BB008BBFCE /* Products */ = {
			isa = PBXGroup;
			children = (
				D093E5C619DB24BB008BBFCE /* WordPlay.app */,
				D093E5DB19DB24BC008BBFCE /* WordPlayTests.xctest */,
			);
			name = Products;
			sourceTree = "<group>";
		};
		D093E5C819DB24BB008BBFCE /* WordPlay */ = {
			isa = PBXGroup;
			children = (
				D093E5CB19DB24BB008BBFCE /* AppDelegate.swift */,
				D093E5CD19DB24BB008BBFCE /* ViewController.swift */,
				D093E5CF19DB24BB008BBFCE /* Main.storyboard */,
				D093E5D219DB24BB008BBFCE /* Images.xcassets */,
				D093E5D419DB24BB008BBFCE /* LaunchScreen.xib */,
				D093E5C919DB24BB008BBFCE /* Supporting Files */,
			);
			path = WordPlay;
			sourceTree = "<group>";
		};
		D093E5C919DB24BB008BBFCE /* Supporting Files */ = {
			isa = PBXGroup;
			children = (
				D093E5EB19DB24D4008BBFCE /* CheckMate.framework */,
				D093E5CA19DB24BB008BBFCE /* Info.plist */,
			);
			name = "Supporting Files";
			sourceTree = "<group>";
		};
		D093E5DE19DB24BC008BBFCE /* WordPlayTests */ = {
			isa = PBXGroup;
			children = (
				D093E5E119DB24BC008BBFCE /* WordPlayTests.swift */,
				D093E5DF19DB24BC008BBFCE /* Supporting Files */,
			);
			path = WordPlayTests;
			sourceTree = "<group>";
		};
		D093E5DF19DB24BC008BBFCE /* Supporting Files */ = {
			isa = PBXGroup;
			children = (
				D093E5E019DB24BC008BBFCE /* Info.plist */,
			);
			name = "Supporting Files";
			sourceTree = "<group>";
		};
/* End PBXGroup section */

/* Begin PBXNativeTarget section */
		D093E5C519DB24BB008BBFCE /* WordPlay */ = {
			isa = PBXNativeTarget;
			buildConfigurationList = D093E5E519DB24BC008BBFCE /* Build configuration list for PBXNativeTarget "WordPlay" */;
			buildPhases = (
				D093E5C219DB24BB008BBFCE /* Sources */,
				D093E5C319DB24BB008BBFCE /* Frameworks */,
				D093E5C419DB24BB008BBFCE /* Resources */,
			);
			buildRules = (
			);
			dependencies = (
			);
			name = WordPlay;
			productName = WordPlay;
			productReference = D093E5C619DB24BB008BBFCE /* WordPlay.app */;
			productType = "com.apple.product-type.application";
		};
		D093E5DA19DB24BC008BBFCE /* WordPlayTests */ = {
			isa = PBXNativeTarget;
			buildConfigurationList = D093E5E819DB24BC008BBFCE /* Build configuration list for PBXNativeTarget "WordPlayTests" */;
			buildPhases = (
				D093E5D719DB24BC008BBFCE /* Sources */,
				D093E5D819DB24BC008BBFCE /* Frameworks */,
				D093E5D919DB24BC008BBFCE /* Resources */,
			);
			buildRules = (
			);
			dependencies = (
				D093E5DD19DB24BC008BBFCE /* PBXTargetDependency */,
			);
			name = WordPlayTests;
			productName = WordPlayTests;
			productReference = D093E5DB19DB24BC008BBFCE /* WordPlayTests.xctest */;
			productType = "com.apple.product-type.bundle.unit-test";
		};
/* End PBXNativeTarget section */

/* Begin PBXProject section */
		D093E5BE19DB24BB008BBFCE /* Project object */ = {
			isa = PBXProject;
			attributes = {
				LastUpgradeCheck = 0600;
				ORGANIZATIONNAME = "Peter Hitchcock";
				TargetAttributes = {
					D093E5C519DB24BB008BBFCE = {
						CreatedOnToolsVersion = 6.0.1;
					};
					D093E5DA19DB24BC008BBFCE = {
						CreatedOnToolsVersion = 6.0.1;
						TestTargetID = D093E5C519DB24BB008BBFCE;
					};
				};
			};
			buildConfigurationList = D093E5C119DB24BB008BBFCE /* Build configuration list for PBXProject "WordPlay" */;
			compatibilityVersion = "Xcode 3.2";
			developmentRegion = English;
			hasScannedForEncodings = 0;
			knownRegions = (
				en,
				Base,
			);
			mainGroup = D093E5BD19DB24BB008BBFCE;
			productRefGroup = D093E5C719DB24BB008BBFCE /* Products */;
			projectDirPath = "";
			projectRoot = "";
			targets = (
				D093E5C519DB24BB008BBFCE /* WordPlay */,
				D093E5DA19DB24BC008BBFCE /* WordPlayTests */,
			);
		};
/* End PBXProject section */

/* Begin PBXResourcesBuildPhase section */
		D093E5C419DB24BB008BBFCE /* Resources */ = {
			isa = PBXResourcesBuildPhase;
			buildActionMask = 2147483647;
			files = (
				D093E5D119DB24BB008BBFCE /* Main.storyboard in Resources */,
				D093E5D619DB24BB008BBFCE /* LaunchScreen.xib in Resources */,
				D093E5D319DB24BB008BBFCE /* Images.xcassets in Resources */,
			);
			runOnlyForDeploymentPostprocessing = 0;
		};
		D093E5D919DB24BC008BBFCE /* Resources */ = {
			isa = PBXResourcesBuildPhase;
			buildActionMask = 2147483647;
			files = (
			);
			runOnlyForDeploymentPostprocessing = 0;
		};
/* End PBXResourcesBuildPhase section */

/* Begin PBXSourcesBuildPhase section */
		D093E5C219DB24BB008BBFCE /* Sources */ = {
			isa = PBXSourcesBuildPhase;
			buildActionMask = 2147483647;
			files = (
				D093E5CE19DB24BB008BBFCE /* ViewController.swift in Sources */,
				D093E5CC19DB24BB008BBFCE /* AppDelegate.swift in Sources */,
			);
			runOnlyForDeploymentPostprocessing = 0;
		};
		D093E5D719DB24BC008BBFCE /* Sources */ = {
			isa = PBXSourcesBuildPhase;
			buildActionMask = 2147483647;
			files = (
				D093E5E219DB24BC008BBFCE /* WordPlayTests.swift in Sources */,
			);
			runOnlyForDeploymentPostprocessing = 0;
		};
/* End PBXSourcesBuildPhase section */

/* Begin PBXTargetDependency section */
		D093E5DD19DB24BC008BBFCE /* PBXTargetDependency */ = {
			isa = PBXTargetDependency;
			target = D093E5C519DB24BB008BBFCE /* WordPlay */;
			targetProxy = D093E5DC19DB24BC008BBFCE /* PBXContainerItemProxy */;
		};
/* End PBXTargetDependency section */

/* Begin PBXVariantGroup section */
		D093E5CF19DB24BB008BBFCE /* Main.storyboard */ = {
			isa = PBXVariantGroup;
			children = (
				D093E5D019DB24BB008BBFCE /* Base */,
			);
			name = Main.storyboard;
			sourceTree = "<group>";
		};
		D093E5D419DB24BB008BBFCE /* LaunchScreen.xib */ = {
			isa = PBXVariantGroup;
			children = (
				D093E5D519DB24BB008BBFCE /* Base */,
			);
			name = LaunchScreen.xib;
			sourceTree = "<group>";
		};
/* End PBXVariantGroup section */

/* Begin XCBuildConfiguration section */
		D093E5E319DB24BC008BBFCE /* Debug */ = {
			isa = XCBuildConfiguration;
			buildSettings = {
				ALWAYS_SEARCH_USER_PATHS = NO;
				CLANG_CXX_LANGUAGE_STANDARD = "gnu++0x";
				CLANG_CXX_LIBRARY = "libc++";
				CLANG_ENABLE_MODULES = YES;
				CLANG_ENABLE_OBJC_ARC = YES;
				CLANG_WARN_BOOL_CONVERSION = YES;
				CLANG_WARN_CONSTANT_CONVERSION = YES;
				CLANG_WARN_DIRECT_OBJC_ISA_USAGE = YES_ERROR;
				CLANG_WARN_EMPTY_BODY = YES;
				CLANG_WARN_ENUM_CONVERSION = YES;
				CLANG_WARN_INT_CONVERSION = YES;
				CLANG_WARN_OBJC_ROOT_CLASS = YES_ERROR;
				CLANG_WARN_UNREACHABLE_CODE = YES;
				CLANG_WARN__DUPLICATE_METHOD_MATCH = YES;
				"CODE_SIGN_IDENTITY[sdk=iphoneos*]" = "iPhone Developer";
				COPY_PHASE_STRIP = NO;
				ENABLE_STRICT_OBJC_MSGSEND = YES;
				GCC_C_LANGUAGE_STANDARD = gnu99;
				GCC_DYNAMIC_NO_PIC = NO;
				GCC_OPTIMIZATION_LEVEL = 0;
				GCC_PREPROCESSOR_DEFINITIONS = (
					"DEBUG=1",
					"$(inherited)",
				);
				GCC_SYMBOLS_PRIVATE_EXTERN = NO;
				GCC_WARN_64_TO_32_BIT_CONVERSION = YES;
				GCC_WARN_ABOUT_RETURN_TYPE = YES_ERROR;
				GCC_WARN_UNDECLARED_SELECTOR = YES;
				GCC_WARN_UNINITIALIZED_AUTOS = YES_AGGRESSIVE;
				GCC_WARN_UNUSED_FUNCTION = YES;
				GCC_WARN_UNUSED_VARIABLE = YES;
				IPHONEOS_DEPLOYMENT_TARGET = 8.0;
				MTL_ENABLE_DEBUG_INFO = YES;
				ONLY_ACTIVE_ARCH = YES;
				SDKROOT = iphoneos;
				SWIFT_OPTIMIZATION_LEVEL = "-Onone";
			};
			name = Debug;
		};
		D093E5E419DB24BC008BBFCE /* Release */ = {
			isa = XCBuildConfiguration;
			buildSettings = {
				ALWAYS_SEARCH_USER_PATHS = NO;
				CLANG_CXX_LANGUAGE_STANDARD = "gnu++0x";
				CLANG_CXX_LIBRARY = "libc++";
				CLANG_ENABLE_MODULES = YES;
				CLANG_ENABLE_OBJC_ARC = YES;
				CLANG_WARN_BOOL_CONVERSION = YES;
				CLANG_WARN_CONSTANT_CONVERSION = YES;
				CLANG_WARN_DIRECT_OBJC_ISA_USAGE = YES_ERROR;
				CLANG_WARN_EMPTY_BODY = YES;
				CLANG_WARN_ENUM_CONVERSION = YES;
				CLANG_WARN_INT_CONVERSION = YES;
				CLANG_WARN_OBJC_ROOT_CLASS = YES_ERROR;
				CLANG_WARN_UNREACHABLE_CODE = YES;
				CLANG_WARN__DUPLICATE_METHOD_MATCH = YES;
				"CODE_SIGN_IDENTITY[sdk=iphoneos*]" = "iPhone Developer";
				COPY_PHASE_STRIP = YES;
				ENABLE_NS_ASSERTIONS = NO;
				ENABLE_STRICT_OBJC_MSGSEND = YES;
				GCC_C_LANGUAGE_STANDARD = gnu99;
				GCC_WARN_64_TO_32_BIT_CONVERSION = YES;
				GCC_WARN_ABOUT_RETURN_TYPE = YES_ERROR;
				GCC_WARN_UNDECLARED_SELECTOR = YES;
				GCC_WARN_UNINITIALIZED_AUTOS = YES_AGGRESSIVE;
				GCC_WARN_UNUSED_FUNCTION = YES;
				GCC_WARN_UNUSED_VARIABLE = YES;
				IPHONEOS_DEPLOYMENT_TARGET = 8.0;
				MTL_ENABLE_DEBUG_INFO = NO;
				SDKROOT = iphoneos;
				VALIDATE_PRODUCT = YES;
			};
			name = Release;
		};
		D093E5E619DB24BC008BBFCE /* Debug */ = {
			isa = XCBuildConfiguration;
			buildSettings = {
				ASSETCATALOG_COMPILER_APPICON_NAME = AppIcon;
				CLANG_ENABLE_MODULES = YES;
				FRAMEWORK_SEARCH_PATHS = (
					"$(inherited)",
					"$(PROJECT_DIR)/WordPlay",
				);
				INFOPLIST_FILE = WordPlay/Info.plist;
				LD_RUNPATH_SEARCH_PATHS = "$(inherited) @executable_path/Frameworks";
				PRODUCT_NAME = "$(TARGET_NAME)";
				SWIFT_OBJC_BRIDGING_HEADER = "WordPlay-Bridging-Header.h";
				SWIFT_OPTIMIZATION_LEVEL = "-Onone";
			};
			name = Debug;
		};
		D093E5E719DB24BC008BBFCE /* Release */ = {
			isa = XCBuildConfiguration;
			buildSettings = {
				ASSETCATALOG_COMPILER_APPICON_NAME = AppIcon;
				CLANG_ENABLE_MODULES = YES;
				FRAMEWORK_SEARCH_PATHS = (
					"$(inherited)",
					"$(PROJECT_DIR)/WordPlay",
				);
				INFOPLIST_FILE = WordPlay/Info.plist;
				LD_RUNPATH_SEARCH_PATHS = "$(inherited) @executable_path/Frameworks";
				PRODUCT_NAME = "$(TARGET_NAME)";
				SWIFT_OBJC_BRIDGING_HEADER = "WordPlay-Bridging-Header.h";
			};
			name = Release;
		};
		D093E5E919DB24BC008BBFCE /* Debug */ = {
			isa = XCBuildConfiguration;
			buildSettings = {
				BUNDLE_LOADER = "$(TEST_HOST)";
				FRAMEWORK_SEARCH_PATHS = (
					"$(SDKROOT)/Developer/Library/Frameworks",
					"$(inherited)",
				);
				GCC_PREPROCESSOR_DEFINITIONS = (
					"DEBUG=1",
					"$(inherited)",
				);
				INFOPLIST_FILE = WordPlayTests/Info.plist;
				LD_RUNPATH_SEARCH_PATHS = "$(inherited) @executable_path/Frameworks @loader_path/Frameworks";
				PRODUCT_NAME = "$(TARGET_NAME)";
				TEST_HOST = "$(BUILT_PRODUCTS_DIR)/WordPlay.app/WordPlay";
			};
			name = Debug;
		};
		D093E5EA19DB24BC008BBFCE /* Release */ = {
			isa = XCBuildConfiguration;
			buildSettings = {
				BUNDLE_LOADER = "$(TEST_HOST)";
				FRAMEWORK_SEARCH_PATHS = (
					"$(SDKROOT)/Developer/Library/Frameworks",
					"$(inherited)",
				);
				INFOPLIST_FILE = WordPlayTests/Info.plist;
				LD_RUNPATH_SEARCH_PATHS = "$(inherited) @executable_path/Frameworks @loader_path/Frameworks";
				PRODUCT_NAME = "$(TARGET_NAME)";
				TEST_HOST = "$(BUILT_PRODUCTS_DIR)/WordPlay.app/WordPlay";
			};
			name = Release;
		};
/* End XCBuildConfiguration section */

/* Begin XCConfigurationList section */
		D093E5C119DB24BB008BBFCE /* Build configuration list for PBXProject "WordPlay" */ = {
			isa = XCConfigurationList;
			buildConfigurations = (
				D093E5E319DB24BC008BBFCE /* Debug */,
				D093E5E419DB24BC008BBFCE /* Release */,
			);
			defaultConfigurationIsVisible = 0;
			defaultConfigurationName = Release;
		};
		D093E5E519DB24BC008BBFCE /* Build configuration list for PBXNativeTarget "WordPlay" */ = {
			isa = XCConfigurationList;
			buildConfigurations = (
				D093E5E619DB24BC008BBFCE /* Debug */,
				D093E5E719DB24BC008BBFCE /* Release */,
			);
			defaultConfigurationIsVisible = 0;
		};
		D093E5E819DB24BC008BBFCE /* Build configuration list for PBXNativeTarget "WordPlayTests" */ = {
			isa = XCConfigurationList;
			buildConfigurations = (
				D093E5E919DB24BC008BBFCE /* Debug */,
				D093E5EA19DB24BC008BBFCE /* Release */,
			);
			defaultConfigurationIsVisible = 0;
		};
/* End XCConfigurationList section */
	};
	rootObject = D093E5BE19DB24BB008BBFCE /* Project object */;
}
